
Microsoft Visual Studio Solution File, Format Version 12.00
# Visual Studio Version 17
VisualStudioVersion = 17.8.34525.116
MinimumVisualStudioVersion = 10.0.40219.1
Project("{FAE04EC0-301F-11D3-BF4B-00C04F79EFBC}") = "Employeee", "Employeee\Employeee.csproj", "{65FE6062-5215-4CA8-95E0-7B309A9B64A6}"
EndProject
Global
	GlobalSection(SolutionConfigurationPlatforms) = preSolution
		Debug|Any CPU = Debug|Any CPU
		Release|Any CPU = Release|Any CPU
	EndGlobalSection
	GlobalSection(ProjectConfigurationPlatforms) = postSolution
		{65FE6062-5215-4CA8-95E0-7B309A9B64A6}.Debug|Any CPU.ActiveCfg = Debug|Any CPU
		{65FE6062-5215-4CA8-95E0-7B309A9B64A6}.Debug|Any CPU.Build.0 = Debug|Any CPU
		{65FE6062-5215-4CA8-95E0-7B309A9B64A6}.Release|Any CPU.ActiveCfg = Release|Any CPU
		{65FE6062-5215-4CA8-95E0-7B309A9B64A6}.Release|Any CPU.Build.0 = Release|Any CPU
	EndGlobalSection
	GlobalSection(SolutionProperties) = preSolution
		HideSolutionNode = FALSE
	EndGlobalSection
	GlobalSection(ExtensibilityGlobals) = postSolution
		SolutionGuid = {EEACEE36-0976-44A6-81E4-594938C40AC3}
	EndGlobalSection
EndGlobal
